
Microsoft Visual Studio Solution File, Format Version 12.00
# Visual Studio 15
VisualStudioVersion = 15.0.28307.329
MinimumVisualStudioVersion = 10.0.40219.1
Project("{FAE04EC0-301F-11D3-BF4B-00C04F79EFBC}") = "Rest-Bestellung", "Rest-Bestellung\Rest-Bestellung.csproj", "{435F038D-1FE4-49B6-9412-8DDFC147F2EE}"
EndProject
Global
	GlobalSection(SolutionConfigurationPlatforms) = preSolution
		Debug|Any CPU = Debug|Any CPU
		Release|Any CPU = Release|Any CPU
	EndGlobalSection
	GlobalSection(ProjectConfigurationPlatforms) = postSolution
		{435F038D-1FE4-49B6-9412-8DDFC147F2EE}.Debug|Any CPU.ActiveCfg = Debug|Any CPU
		{435F038D-1FE4-49B6-9412-8DDFC147F2EE}.Debug|Any CPU.Build.0 = Debug|Any CPU
		{435F038D-1FE4-49B6-9412-8DDFC147F2EE}.Release|Any CPU.ActiveCfg = Release|Any CPU
		{435F038D-1FE4-49B6-9412-8DDFC147F2EE}.Release|Any CPU.Build.0 = Release|Any CPU
	EndGlobalSection
	GlobalSection(SolutionProperties) = preSolution
		HideSolutionNode = FALSE
	EndGlobalSection
	GlobalSection(ExtensibilityGlobals) = postSolution
		SolutionGuid = {57C34EF5-4554-4234-A610-A4521817CFC9}
	EndGlobalSection
EndGlobal
